
Microsoft Visual Studio Solution File, Format Version 12.00
# Visual Studio 15
VisualStudioVersion = 15.0.28307.329
MinimumVisualStudioVersion = 10.0.40219.1
Project("{FAE04EC0-301F-11D3-BF4B-00C04F79EFBC}") = "origin_eulers_problems", "origin_eulers_problems\origin_eulers_problems.csproj", "{4E99A0D0-3075-433C-A670-74D4BDD48CCF}"
EndProject
Global
	GlobalSection(SolutionConfigurationPlatforms) = preSolution
		Debug|Any CPU = Debug|Any CPU
		Release|Any CPU = Release|Any CPU
	EndGlobalSection
	GlobalSection(ProjectConfigurationPlatforms) = postSolution
		{4E99A0D0-3075-433C-A670-74D4BDD48CCF}.Debug|Any CPU.ActiveCfg = Debug|Any CPU
		{4E99A0D0-3075-433C-A670-74D4BDD48CCF}.Debug|Any CPU.Build.0 = Debug|Any CPU
		{4E99A0D0-3075-433C-A670-74D4BDD48CCF}.Release|Any CPU.ActiveCfg = Release|Any CPU
		{4E99A0D0-3075-433C-A670-74D4BDD48CCF}.Release|Any CPU.Build.0 = Release|Any CPU
	EndGlobalSection
	GlobalSection(SolutionProperties) = preSolution
		HideSolutionNode = FALSE
	EndGlobalSection
	GlobalSection(ExtensibilityGlobals) = postSolution
		SolutionGuid = {76D924E4-DE74-43F4-9256-F93CD8A86F44}
	EndGlobalSection
EndGlobal
